{
  "name": "kafka-producer",
  "requires": true,
  "lockfileVersion": 1,
  "dependencies": {
    "kafkajs": {
      "version": "1.10.0",
      "resolved": "https://registry.npmjs.org/kafkajs/-/kafkajs-1.10.0.tgz",
      "integrity": "sha512-af1kUKJrM3bIw2olGhjwhqHrVBVP9y79XRO/TAFE71dUzuVRrwoHJX8OQ3ebV0YZugA7J0oKHwW2DBY6A8BV0w==",
      "requires": {
        "long": "^4.0.0"
      }
    },
    "long": {
      "version": "4.0.0",
      "resolved": "https://registry.npmjs.org/long/-/long-4.0.0.tgz",
      "integrity": "sha512-XsP+KhQif4bjX1kbuSiySJFNAehNxgLb6hPRGJ9QsUr8ajHkuXGdrHmFUTUUXhDwVX2R5bY4JNZEwbUiMhV+MA=="
    }
  }
}
